
Microsoft Visual Studio Solution File, Format Version 12.00
# Visual Studio Version 17
VisualStudioVersion = 17.14.36414.22 d17.14
MinimumVisualStudioVersion = 10.0.40219.1
Project("{FAE04EC0-301F-11D3-BF4B-00C04F79EFBC}") = "ToDo_backend", "ToDo_backend\ToDo_backend.csproj", "{4804EC51-4812-46D3-A63B-708E344CB63B}"
EndProject
Global
	GlobalSection(SolutionConfigurationPlatforms) = preSolution
		Debug|Any CPU = Debug|Any CPU
		Release|Any CPU = Release|Any CPU
	EndGlobalSection
	GlobalSection(ProjectConfigurationPlatforms) = postSolution
		{4804EC51-4812-46D3-A63B-708E344CB63B}.Debug|Any CPU.ActiveCfg = Debug|Any CPU
		{4804EC51-4812-46D3-A63B-708E344CB63B}.Debug|Any CPU.Build.0 = Debug|Any CPU
		{4804EC51-4812-46D3-A63B-708E344CB63B}.Release|Any CPU.ActiveCfg = Release|Any CPU
		{4804EC51-4812-46D3-A63B-708E344CB63B}.Release|Any CPU.Build.0 = Release|Any CPU
	EndGlobalSection
	GlobalSection(SolutionProperties) = preSolution
		HideSolutionNode = FALSE
	EndGlobalSection
	GlobalSection(ExtensibilityGlobals) = postSolution
		SolutionGuid = {F0F7C6E1-618E-4B76-990F-AE52237FCEA8}
	EndGlobalSection
EndGlobal
